{
  "lockfileVersion": 1,
  "configVersion": 0,
  "workspaces": {
    "": {
      "name": "@tdanks2000/tmdb-wrapper",
      "devDependencies": {
        "@biomejs/biome": "^2.0.6",
        "@types/bun": "^1.2.17",
        "@types/node": "^22.15.34",
        "tsdown": "^0.12.9",
        "typescript": "^5.8.3",
      },
    },
  },
  "packages": {
    "@babel/generator": ["@babel/generator@7.27.5", "", { "dependencies": { "@babel/parser": "^7.27.5", "@babel/types": "^7.27.3", "@jridgewell/gen-mapping": "^0.3.5", "@jridgewell/trace-mapping": "^0.3.25", "jsesc": "^3.0.2" } }, "sha512-ZGhA37l0e/g2s1Cnzdix0O3aLYm66eF8aufiVteOgnwxgnRP8GoyMj7VWsgWnQbVKXyge7hqrFh2K2TQM6t1Hw=="],

    "@babel/helper-string-parser": ["@babel/helper-string-parser@7.27.1", "", {}, "sha512-qMlSxKbpRlAridDExk92nSobyDdpPijUq2DW6oDnUqd0iOGxmQjyqhMIihI9+zv4LPyZdRje2cavWPbCbWm3eA=="],

    "@babel/helper-validator-identifier": ["@babel/helper-validator-identifier@7.27.1", "", {}, "sha512-D2hP9eA+Sqx1kBZgzxZh0y1trbuU+JoDkiEwqhQ36nodYqJwyEIhPSdMNd7lOm/4io72luTPWH20Yda0xOuUow=="],

    "@babel/parser": ["@babel/parser@7.27.7", "", { "dependencies": { "@babel/types": "^7.27.7" }, "bin": "./bin/babel-parser.js" }, "sha512-qnzXzDXdr/po3bOTbTIQZ7+TxNKxpkN5IifVLXS+r7qwynkZfPyjZfE7hCXbo7IoO9TNcSyibgONsf2HauUd3Q=="],

    "@babel/types": ["@babel/types@7.27.7", "", { "dependencies": { "@babel/helper-string-parser": "^7.27.1", "@babel/helper-validator-identifier": "^7.27.1" } }, "sha512-8OLQgDScAOHXnAz2cV+RfzzNMipuLVBz2biuAJFMV9bfkNf393je3VM8CLkjQodW5+iWsSJdSgSWT6rsZoXHPw=="],

    "@biomejs/biome": ["@biomejs/biome@2.3.10", "", { "optionalDependencies": { "@biomejs/cli-darwin-arm64": "2.3.10", "@biomejs/cli-darwin-x64": "2.3.10", "@biomejs/cli-linux-arm64": "2.3.10", "@biomejs/cli-linux-arm64-musl": "2.3.10", "@biomejs/cli-linux-x64": "2.3.10", "@biomejs/cli-linux-x64-musl": "2.3.10", "@biomejs/cli-win32-arm64": "2.3.10", "@biomejs/cli-win32-x64": "2.3.10" }, "bin": { "biome": "bin/biome" } }, "sha512-/uWSUd1MHX2fjqNLHNL6zLYWBbrJeG412/8H7ESuK8ewoRoMPUgHDebqKrPTx/5n6f17Xzqc9hdg3MEqA5hXnQ=="],

    "@biomejs/cli-darwin-arm64": ["@biomejs/cli-darwin-arm64@2.3.10", "", { "os": "darwin", "cpu": "arm64" }, "sha512-M6xUjtCVnNGFfK7HMNKa593nb7fwNm43fq1Mt71kpLpb+4mE7odO8W/oWVDyBVO4ackhresy1ZYO7OJcVo/B7w=="],

    "@biomejs/cli-darwin-x64": ["@biomejs/cli-darwin-x64@2.3.10", "", { "os": "darwin", "cpu": "x64" }, "sha512-Vae7+V6t/Avr8tVbFNjnFSTKZogZHFYl7MMH62P/J1kZtr0tyRQ9Fe0onjqjS2Ek9lmNLmZc/VR5uSekh+p1fg=="],

    "@biomejs/cli-linux-arm64": ["@biomejs/cli-linux-arm64@2.3.10", "", { "os": "linux", "cpu": "arm64" }, "sha512-hhPw2V3/EpHKsileVOFynuWiKRgFEV48cLe0eA+G2wO4SzlwEhLEB9LhlSrVeu2mtSn205W283LkX7Fh48CaxA=="],

    "@biomejs/cli-linux-arm64-musl": ["@biomejs/cli-linux-arm64-musl@2.3.10", "", { "os": "linux", "cpu": "arm64" }, "sha512-B9DszIHkuKtOH2IFeeVkQmSMVUjss9KtHaNXquYYWCjH8IstNgXgx5B0aSBQNr6mn4RcKKRQZXn9Zu1rM3O0/A=="],

    "@biomejs/cli-linux-x64": ["@biomejs/cli-linux-x64@2.3.10", "", { "os": "linux", "cpu": "x64" }, "sha512-wwAkWD1MR95u+J4LkWP74/vGz+tRrIQvr8kfMMJY8KOQ8+HMVleREOcPYsQX82S7uueco60L58Wc6M1I9WA9Dw=="],

    "@biomejs/cli-linux-x64-musl": ["@biomejs/cli-linux-x64-musl@2.3.10", "", { "os": "linux", "cpu": "x64" }, "sha512-QTfHZQh62SDFdYc2nfmZFuTm5yYb4eO1zwfB+90YxUumRCR171tS1GoTX5OD0wrv4UsziMPmrePMtkTnNyYG3g=="],

    "@biomejs/cli-win32-arm64": ["@biomejs/cli-win32-arm64@2.3.10", "", { "os": "win32", "cpu": "arm64" }, "sha512-o7lYc9n+CfRbHvkjPhm8s9FgbKdYZu5HCcGVMItLjz93EhgJ8AM44W+QckDqLA9MKDNFrR8nPbO4b73VC5kGGQ=="],

    "@biomejs/cli-win32-x64": ["@biomejs/cli-win32-x64@2.3.10", "", { "os": "win32", "cpu": "x64" }, "sha512-pHEFgq7dUEsKnqG9mx9bXihxGI49X+ar+UBrEIj3Wqj3UCZp1rNgV+OoyjFgcXsjCWpuEAF4VJdkZr3TrWdCbQ=="],

    "@jridgewell/gen-mapping": ["@jridgewell/gen-mapping@0.3.8", "", { "dependencies": { "@jridgewell/set-array": "^1.2.1", "@jridgewell/sourcemap-codec": "^1.4.10", "@jridgewell/trace-mapping": "^0.3.24" } }, "sha512-imAbBGkb+ebQyxKgzv5Hu2nmROxoDOXHh80evxdoXNOrvAnVx7zimzc1Oo5h9RlfV4vPXaE2iM5pOFbvOCClWA=="],

    "@jridgewell/resolve-uri": ["@jridgewell/resolve-uri@3.1.2", "", {}, "sha512-bRISgCIjP20/tbWSPWMEi54QVPRZExkuD9lJL+UIxUKtwVJA8wW1Trb1jMs1RFXo1CBTNZ/5hpC9QvmKWdopKw=="],

    "@jridgewell/set-array": ["@jridgewell/set-array@1.2.1", "", {}, "sha512-R8gLRTZeyp03ymzP/6Lil/28tGeGEzhx1q2k703KGWRAI1VdvPIXdG70VJc2pAMw3NA6JKL5hhFu1sJX0Mnn/A=="],

    "@jridgewell/sourcemap-codec": ["@jridgewell/sourcemap-codec@1.5.0", "", {}, "sha512-gv3ZRaISU3fjPAgNsriBRqGWQL6quFx04YMPW/zD8XMLsU32mhCCbfbO6KZFLjvYpCZ8zyDEgqsgf+PwPaM7GQ=="],

    "@jridgewell/trace-mapping": ["@jridgewell/trace-mapping@0.3.25", "", { "dependencies": { "@jridgewell/resolve-uri": "^3.1.0", "@jridgewell/sourcemap-codec": "^1.4.14" } }, "sha512-vNk6aEwybGtawWmy/PzwnGDOjCkLWSD2wqvjGGAgOAwCGWySYXfYoxt00IJkTF+8Lb57DwOb3Aa0o9CApepiYQ=="],

    "@oxc-project/runtime": ["@oxc-project/runtime@0.72.1", "", {}, "sha512-8nU/WPeJWF6QJrT8HtEEIojz26bXn677deDX8BDVpjcz97CVKORVAvFhE2/lfjnBYE0+aqmjFeD17YnJQpCyqg=="],

    "@oxc-project/types": ["@oxc-project/types@0.72.1", "", {}, "sha512-qlvcDuCjISt4W7Izw0i5+GS3zCKJLXkoNDEc+E4ploage35SlZqxahpdKbHDX8uD70KDVNYWtupsHoNETy5kPQ=="],

    "@quansync/fs": ["@quansync/fs@0.1.3", "", { "dependencies": { "quansync": "^0.2.10" } }, "sha512-G0OnZbMWEs5LhDyqy2UL17vGhSVHkQIfVojMtEWVenvj0V5S84VBgy86kJIuNsGDp2p7sTKlpSIpBUWdC35OKg=="],

    "@rolldown/binding-darwin-arm64": ["@rolldown/binding-darwin-arm64@1.0.0-beta.10-commit.87188ed", "", { "os": "darwin", "cpu": "arm64" }, "sha512-0tuZTzzjQ1TV5gcoRrIHfRRMyBqzOHL9Yl7BZX5iR+J2hIUBJiq1P+mGAvTb/PDgkYWfEgtBde3AUMJtSj8+Hg=="],

    "@rolldown/binding-darwin-x64": ["@rolldown/binding-darwin-x64@1.0.0-beta.10-commit.87188ed", "", { "os": "darwin", "cpu": "x64" }, "sha512-OmtnJvjXlLsPzdDhUdukImWQBztZWhlnDFSrIaBnMXF9WrqwgIG4FfRwQXXhS/iDyCdHqUVr8473OANzVv7Ang=="],

    "@rolldown/binding-freebsd-x64": ["@rolldown/binding-freebsd-x64@1.0.0-beta.10-commit.87188ed", "", { "os": "freebsd", "cpu": "x64" }, "sha512-rgtwGtvBGNc5aJROgxvD/ITwC0sY1KdGTADiG3vD1YXmkBCsZIBq1yhCUxz+qUhhIkmohmwqDcgUBCNpa7Wdjw=="],

    "@rolldown/binding-linux-arm-gnueabihf": ["@rolldown/binding-linux-arm-gnueabihf@1.0.0-beta.10-commit.87188ed", "", { "os": "linux", "cpu": "arm" }, "sha512-yeR/cWwnKdv8S/mJGL7ZE+Wt+unSWhhA5FraZtWPavOX6tfelUZIQlAeKrcti2exQbjIMFS4WJ1MyuclyIvFCQ=="],

    "@rolldown/binding-linux-arm64-gnu": ["@rolldown/binding-linux-arm64-gnu@1.0.0-beta.10-commit.87188ed", "", { "os": "linux", "cpu": "arm64" }, "sha512-kg7yeU3XIGmaoKF1+u8OGJ/NE2XMpwgtQpCWzJh7Z8DhJDjMlszhV3DrnKjywI3NmVNCEXYwGO6mYff31xuHug=="],

    "@rolldown/binding-linux-arm64-musl": ["@rolldown/binding-linux-arm64-musl@1.0.0-beta.10-commit.87188ed", "", { "os": "linux", "cpu": "arm64" }, "sha512-gvXDfeL4C6dql3Catf8HgnBnDy/zr8ZFX3f/edQ+QY0iJVHY/JG+bitRsNPWWOFmsv/Xm+qSyR44e5VW8Pi1oQ=="],

    "@rolldown/binding-linux-x64-gnu": ["@rolldown/binding-linux-x64-gnu@1.0.0-beta.10-commit.87188ed", "", { "os": "linux", "cpu": "x64" }, "sha512-rpzxr4TyvM3+tXGNjM3AEtgnUM9tpYe6EsIuLiU3fs+KaMKj5vOTr5k/eCACxnjDi4s78ARmqT+Z3ZS2E06U5w=="],

    "@rolldown/binding-linux-x64-musl": ["@rolldown/binding-linux-x64-musl@1.0.0-beta.10-commit.87188ed", "", { "os": "linux", "cpu": "x64" }, "sha512-cq+Gd1jEie1xxBNllnna21FPaWilWzQK+sI8kF1qMWRI6U909JjS/SzYR0UNLbvNa+neZh8dj37XnxCTQQ40Lw=="],

    "@rolldown/binding-wasm32-wasi": ["@rolldown/binding-wasm32-wasi@1.0.0-beta.10-commit.87188ed", "", { "cpu": "none" }, "sha512-xN4bJ0DQeWJiyerA46d5Lyv5Cor/FoNlbaO9jEOHZDdWz78E2xt/LE3bOND3c59gZa+/YUBEifs4lwixU/wWPg=="],

    "@rolldown/binding-win32-arm64-msvc": ["@rolldown/binding-win32-arm64-msvc@1.0.0-beta.10-commit.87188ed", "", { "os": "win32", "cpu": "arm64" }, "sha512-xUHManwWX+Lox4zoTY5FiEDGJOjCO9X6hTospFX4f6ELmhJQNnAO4dahZDc/Ph+3wbc3724ZMCGWQvHfTR3wWg=="],

    "@rolldown/binding-win32-ia32-msvc": ["@rolldown/binding-win32-ia32-msvc@1.0.0-beta.10-commit.87188ed", "", { "os": "win32", "cpu": "ia32" }, "sha512-RmO3wCz9iD+grSgLyqMido8NJh6GxkPYRmK6Raoxcs5YC9GuKftxGoanBk0gtyjCKJ6jwizWKWNYJNkZSbWnOw=="],

    "@rolldown/binding-win32-x64-msvc": ["@rolldown/binding-win32-x64-msvc@1.0.0-beta.10-commit.87188ed", "", { "os": "win32", "cpu": "x64" }, "sha512-bWuJ5MoBd1qRCpC9uVxmFKrYjrWkn1ERElKnj0O9N2lWOi30iSTrpDeLMEvwueyiapcJh2PYUxyFE3W9pw29HQ=="],

    "@rolldown/pluginutils": ["@rolldown/pluginutils@1.0.0-beta.10-commit.87188ed", "", {}, "sha512-IjVRLSxjO7EzlW4S6O8AoWbCkEi1lOpE30G8Xw5ZK/zl39K/KjzsDPc1AwhftepueQnQHJMgZZG9ITEmxcF5/A=="],

    "@types/bun": ["@types/bun@1.3.5", "", { "dependencies": { "bun-types": "1.3.5" } }, "sha512-RnygCqNrd3srIPEWBd5LFeUYG7plCoH2Yw9WaZGyNmdTEei+gWaHqydbaIRkIkcbXwhBT94q78QljxN0Sk838w=="],

    "@types/node": ["@types/node@22.19.3", "", { "dependencies": { "undici-types": "~6.21.0" } }, "sha512-1N9SBnWYOJTrNZCdh/yJE+t910Y128BoyY+zBLWhL3r0TYzlTmFdXrPwHL9DyFZmlEXNQQolTZh3KHV31QDhyA=="],

    "ansis": ["ansis@4.1.0", "", {}, "sha512-BGcItUBWSMRgOCe+SVZJ+S7yTRG0eGt9cXAHev72yuGcY23hnLA7Bky5L/xLyPINoSN95geovfBkqoTlNZYa7w=="],

    "ast-kit": ["ast-kit@2.1.0", "", { "dependencies": { "@babel/parser": "^7.27.3", "pathe": "^2.0.3" } }, "sha512-ROM2LlXbZBZVk97crfw8PGDOBzzsJvN2uJCmwswvPUNyfH14eg90mSN3xNqsri1JS1G9cz0VzeDUhxJkTrr4Ew=="],

    "birpc": ["birpc@2.4.0", "", {}, "sha512-5IdNxTyhXHv2UlgnPHQ0h+5ypVmkrYHzL8QT+DwFZ//2N/oNV8Ch+BCRmTJ3x6/z9Axo/cXYBc9eprsUVK/Jsg=="],

    "bun-types": ["bun-types@1.3.5", "", { "dependencies": { "@types/node": "*" } }, "sha512-inmAYe2PFLs0SUbFOWSVD24sg1jFlMPxOjOSSCYqUgn4Hsc3rDc7dFvfVYjFPNHtov6kgUeulV4SxbuIV/stPw=="],

    "cac": ["cac@6.7.14", "", {}, "sha512-b6Ilus+c3RrdDk+JhLKUAQfzzgLEPy6wcXqS7f/xe1EETvsDP6GORG7SFuOs6cID5YkqchW/LXZbX5bc8j7ZcQ=="],

    "chokidar": ["chokidar@4.0.3", "", { "dependencies": { "readdirp": "^4.0.1" } }, "sha512-Qgzu8kfBvo+cA4962jnP1KkS6Dop5NS6g7R5LFYJr4b8Ub94PPQXUksCw9PvXoeXPRRddRNC5C1JQUR2SMGtnA=="],

    "debug": ["debug@4.4.1", "", { "dependencies": { "ms": "^2.1.3" } }, "sha512-KcKCqiftBJcZr++7ykoDIEwSa3XWowTfNPo92BYxjXiyYEVrUQh2aLyhxBCwww+heortUFxEJYcRzosstTEBYQ=="],

    "defu": ["defu@6.1.4", "", {}, "sha512-mEQCMmwJu317oSz8CwdIOdwf3xMif1ttiM8LTufzc3g6kR+9Pe236twL8j3IYT1F7GfRgGcW6MWxzZjLIkuHIg=="],

    "diff": ["diff@8.0.2", "", {}, "sha512-sSuxWU5j5SR9QQji/o2qMvqRNYRDOcBTgsJ/DeCf4iSN4gW+gNMXM7wFIP+fdXZxoNiAnHUTGjCr+TSWXdRDKg=="],

    "dts-resolver": ["dts-resolver@2.1.1", "", { "peerDependencies": { "oxc-resolver": ">=11.0.0" }, "optionalPeers": ["oxc-resolver"] }, "sha512-3BiGFhB6mj5Kv+W2vdJseQUYW+SKVzAFJL6YNP6ursbrwy1fXHRotfHi3xLNxe4wZl/K8qbAFeCDjZLjzqxxRw=="],

    "empathic": ["empathic@2.0.0", "", {}, "sha512-i6UzDscO/XfAcNYD75CfICkmfLedpyPDdozrLMmQc5ORaQcdMoc21OnlEylMIqI7U8eniKrPMxxtj8k0vhmJhA=="],

    "fdir": ["fdir@6.4.5", "", { "peerDependencies": { "picomatch": "^3 || ^4" }, "optionalPeers": ["picomatch"] }, "sha512-4BG7puHpVsIYxZUbiUE3RqGloLaSSwzYie5jvasC4LWuBWzZawynvYouhjbQKw2JuIGYdm0DzIxl8iVidKlUEw=="],

    "get-tsconfig": ["get-tsconfig@4.10.1", "", { "dependencies": { "resolve-pkg-maps": "^1.0.0" } }, "sha512-auHyJ4AgMz7vgS8Hp3N6HXSmlMdUyhSUrfBF16w153rxtLIEOE+HGqaBppczZvnHLqQJfiHotCYpNhl0lUROFQ=="],

    "hookable": ["hookable@5.5.3", "", {}, "sha512-Yc+BQe8SvoXH1643Qez1zqLRmbA5rCL+sSmk6TVos0LWVfNIB7PGncdlId77WzLGSIB5KaWgTaNTs2lNVEI6VQ=="],

    "jiti": ["jiti@2.4.2", "", { "bin": { "jiti": "lib/jiti-cli.mjs" } }, "sha512-rg9zJN+G4n2nfJl5MW3BMygZX56zKPNVEYYqq7adpmMh4Jn2QNEwhvQlFy6jPVdcod7txZtKHWnyZiA3a0zP7A=="],

    "jsesc": ["jsesc@3.1.0", "", { "bin": { "jsesc": "bin/jsesc" } }, "sha512-/sM3dO2FOzXjKQhJuo0Q173wf2KOo8t4I8vHy6lF9poUp7bKT0/NHE8fPX23PwfhnykfqnC2xRxOnVw5XuGIaA=="],

    "ms": ["ms@2.1.3", "", {}, "sha512-6FlzubTLZG3J2a/NVCAleEhjzq5oxgHyaCU9yYXvcLsvoVaHJq/s5xXI6/XXP6tz7R9xAOtHnSO/tXtF3WRTlA=="],

    "pathe": ["pathe@2.0.3", "", {}, "sha512-WUjGcAqP1gQacoQe+OBJsFA7Ld4DyXuUIjZ5cc75cLHvJ7dtNsTugphxIADwspS+AraAUePCKrSVtPLFj/F88w=="],

    "picomatch": ["picomatch@4.0.2", "", {}, "sha512-M7BAV6Rlcy5u+m6oPhAPFgJTzAioX/6B0DxyvDlo9l8+T3nLKbrczg2WLUyzd45L8RqfUMyGPzekbMvX2Ldkwg=="],

    "quansync": ["quansync@0.2.10", "", {}, "sha512-t41VRkMYbkHyCYmOvx/6URnN80H7k4X0lLdBMGsz+maAwrJQYB1djpV6vHrQIBE0WBSGqhtEHrK9U3DWWH8v7A=="],

    "readdirp": ["readdirp@4.1.2", "", {}, "sha512-GDhwkLfywWL2s6vEjyhri+eXmfH6j1L7JE27WhqLeYzoh/A3DBaYGEj2H/HFZCn/kMfim73FXxEJTw06WtxQwg=="],

    "resolve-pkg-maps": ["resolve-pkg-maps@1.0.0", "", {}, "sha512-seS2Tj26TBVOC2NIc2rOe2y2ZO7efxITtLZcGSOnHHNOQ7CkiUBfw0Iw2ck6xkIhPwLhKNLS8BO+hEpngQlqzw=="],

    "rolldown": ["rolldown@1.0.0-beta.10-commit.87188ed", "", { "dependencies": { "@oxc-project/runtime": "0.72.1", "@oxc-project/types": "0.72.1", "@rolldown/pluginutils": "1.0.0-beta.10-commit.87188ed", "ansis": "^4.0.0" }, "optionalDependencies": { "@rolldown/binding-darwin-arm64": "1.0.0-beta.10-commit.87188ed", "@rolldown/binding-darwin-x64": "1.0.0-beta.10-commit.87188ed", "@rolldown/binding-freebsd-x64": "1.0.0-beta.10-commit.87188ed", "@rolldown/binding-linux-arm-gnueabihf": "1.0.0-beta.10-commit.87188ed", "@rolldown/binding-linux-arm64-gnu": "1.0.0-beta.10-commit.87188ed", "@rolldown/binding-linux-arm64-musl": "1.0.0-beta.10-commit.87188ed", "@rolldown/binding-linux-x64-gnu": "1.0.0-beta.10-commit.87188ed", "@rolldown/binding-linux-x64-musl": "1.0.0-beta.10-commit.87188ed", "@rolldown/binding-wasm32-wasi": "1.0.0-beta.10-commit.87188ed", "@rolldown/binding-win32-arm64-msvc": "1.0.0-beta.10-commit.87188ed", "@rolldown/binding-win32-ia32-msvc": "1.0.0-beta.10-commit.87188ed", "@rolldown/binding-win32-x64-msvc": "1.0.0-beta.10-commit.87188ed" }, "bin": { "rolldown": "bin/cli.mjs" } }, "sha512-D+iim+DHIwK9kbZvubENmtnYFqHfFV0OKwzT8yU/W+xyUK1A71+iRFmJYBGqNUo3fJ2Ob4oIQfan63mhzh614A=="],

    "rolldown-plugin-dts": ["rolldown-plugin-dts@0.13.12", "", { "dependencies": { "@babel/generator": "^7.27.5", "@babel/parser": "^7.27.5", "@babel/types": "^7.27.6", "ast-kit": "^2.1.0", "birpc": "^2.4.0", "debug": "^4.4.1", "dts-resolver": "^2.1.1", "get-tsconfig": "^4.10.1" }, "peerDependencies": { "@typescript/native-preview": ">=7.0.0-dev.20250601.1", "rolldown": "^1.0.0-beta.9", "typescript": "^5.0.0", "vue-tsc": "~2.2.0" }, "optionalPeers": ["@typescript/native-preview", "typescript", "vue-tsc"] }, "sha512-4QdQQfMOWNDLhmvoG3USAUpCm75dgwWk3IrK6SV9Fw2U5uwcSE7oQTqEcmsUGEBsNxZ58+gtM1oX38MMf0g5PA=="],

    "semver": ["semver@7.7.2", "", { "bin": { "semver": "bin/semver.js" } }, "sha512-RF0Fw+rO5AMf9MAyaRXI4AV0Ulj5lMHqVxxdSgiVbixSCXoEmmX/jk0CuJw4+3SqroYO9VoUh+HcuJivvtJemA=="],

    "tinyexec": ["tinyexec@1.0.1", "", {}, "sha512-5uC6DDlmeqiOwCPmK9jMSdOuZTh8bU39Ys6yidB+UTt5hfZUPGAypSgFRiEp+jbi9qH40BLDvy85jIU88wKSqw=="],

    "tinyglobby": ["tinyglobby@0.2.14", "", { "dependencies": { "fdir": "^6.4.4", "picomatch": "^4.0.2" } }, "sha512-tX5e7OM1HnYr2+a2C/4V0htOcSQcoSTH9KgJnVvNm5zm/cyEWKJ7j7YutsH9CxMdtOkkLFy2AHrMci9IM8IPZQ=="],

    "tsdown": ["tsdown@0.12.9", "", { "dependencies": { "ansis": "^4.1.0", "cac": "^6.7.14", "chokidar": "^4.0.3", "debug": "^4.4.1", "diff": "^8.0.2", "empathic": "^2.0.0", "hookable": "^5.5.3", "rolldown": "^1.0.0-beta.19", "rolldown-plugin-dts": "^0.13.12", "semver": "^7.7.2", "tinyexec": "^1.0.1", "tinyglobby": "^0.2.14", "unconfig": "^7.3.2" }, "peerDependencies": { "@arethetypeswrong/core": "^0.18.1", "publint": "^0.3.0", "typescript": "^5.0.0", "unplugin-lightningcss": "^0.4.0", "unplugin-unused": "^0.5.0" }, "optionalPeers": ["@arethetypeswrong/core", "publint", "typescript", "unplugin-lightningcss", "unplugin-unused"], "bin": { "tsdown": "dist/run.mjs" } }, "sha512-MfrXm9PIlT3saovtWKf/gCJJ/NQCdE0SiREkdNC+9Qy6UHhdeDPxnkFaBD7xttVUmgp0yUHtGirpoLB+OVLuLA=="],

    "typescript": ["typescript@5.9.3", "", { "bin": { "tsc": "bin/tsc", "tsserver": "bin/tsserver" } }, "sha512-jl1vZzPDinLr9eUt3J/t7V6FgNEw9QjvBPdysz9KfQDD41fQrC2Y4vKQdiaUpFT4bXlb1RHhLpp8wtm6M5TgSw=="],

    "unconfig": ["unconfig@7.3.2", "", { "dependencies": { "@quansync/fs": "^0.1.1", "defu": "^6.1.4", "jiti": "^2.4.2", "quansync": "^0.2.8" } }, "sha512-nqG5NNL2wFVGZ0NA/aCFw0oJ2pxSf1lwg4Z5ill8wd7K4KX/rQbHlwbh+bjctXL5Ly1xtzHenHGOK0b+lG6JVg=="],

    "undici-types": ["undici-types@6.21.0", "", {}, "sha512-iwDZqg0QAGrg9Rav5H4n0M64c3mkR59cJ6wQp+7C4nI0gsmExaedaYLNO44eT4AtBBwjbTiGPMlt2Md0T9H9JQ=="],

    "ast-kit/@babel/parser": ["@babel/parser@7.27.4", "", { "dependencies": { "@babel/types": "^7.27.3" }, "bin": "./bin/babel-parser.js" }, "sha512-BRmLHGwpUqLFR2jzx9orBuX/ABDkj2jLKOXrHDTN2aOKL+jFDDKaRNo9nyYsIl9h/UE/7lMKdDjKQQyxKKDZ7g=="],

    "ast-kit/@babel/parser/@babel/types": ["@babel/types@7.27.3", "", { "dependencies": { "@babel/helper-string-parser": "^7.27.1", "@babel/helper-validator-identifier": "^7.27.1" } }, "sha512-Y1GkI4ktrtvmawoSq+4FCVHNryea6uR+qUQy0AGxLSsjCX0nVmkYQMBLHDkXZuo5hGx7eYdnIaslsdBFm7zbUw=="],
  }
}
